
Microsoft Visual Studio Solution File, Format Version 12.00
# Visual Studio Version 17
VisualStudioVersion = 17.4.33213.308
MinimumVisualStudioVersion = 10.0.40219.1
Project("{9A19103F-16F7-4668-BE54-9A1E7A4F7556}") = "CourseWork", "CourseWork\CourseWork.csproj", "{ACE39AF1-7BE5-4737-9716-8F3B054C9F08}"
EndProject
Project("{FAE04EC0-301F-11D3-BF4B-00C04F79EFBC}") = "Tests", "Tests\Tests.csproj", "{3B93ADF6-01E0-434F-95F4-C535D958510D}"
EndProject
Global
	GlobalSection(SolutionConfigurationPlatforms) = preSolution
		Debug|Any CPU = Debug|Any CPU
		Release|Any CPU = Release|Any CPU
	EndGlobalSection
	GlobalSection(ProjectConfigurationPlatforms) = postSolution
		{ACE39AF1-7BE5-4737-9716-8F3B054C9F08}.Debug|Any CPU.ActiveCfg = Debug|Any CPU
		{ACE39AF1-7BE5-4737-9716-8F3B054C9F08}.Debug|Any CPU.Build.0 = Debug|Any CPU
		{ACE39AF1-7BE5-4737-9716-8F3B054C9F08}.Release|Any CPU.ActiveCfg = Release|Any CPU
		{ACE39AF1-7BE5-4737-9716-8F3B054C9F08}.Release|Any CPU.Build.0 = Release|Any CPU
		{3B93ADF6-01E0-434F-95F4-C535D958510D}.Debug|Any CPU.ActiveCfg = Debug|Any CPU
		{3B93ADF6-01E0-434F-95F4-C535D958510D}.Debug|Any CPU.Build.0 = Debug|Any CPU
		{3B93ADF6-01E0-434F-95F4-C535D958510D}.Release|Any CPU.ActiveCfg = Release|Any CPU
		{3B93ADF6-01E0-434F-95F4-C535D958510D}.Release|Any CPU.Build.0 = Release|Any CPU
	EndGlobalSection
	GlobalSection(SolutionProperties) = preSolution
		HideSolutionNode = FALSE
	EndGlobalSection
	GlobalSection(ExtensibilityGlobals) = postSolution
		SolutionGuid = {7468B9BD-928D-493E-89FA-FDDC1A78B89A}
	EndGlobalSection
EndGlobal
